{
  "name": "openjscad-gear",
  "version": "1.0.0",
  "lockfileVersion": 1,
  "requires": true,
  "dependencies": {
    "@jscad/csg": {
      "version": "0.3.7",
      "resolved": "https://registry.npmjs.org/@jscad/csg/-/csg-0.3.7.tgz",
      "integrity": "sha512-CuqKgXEZDH1FzbwQTdMWQ0FiEGi+LrP32tP6nW6rdWEEBjL6w19F3OrShD7SP8mK9IcqiuhgN9JcbWaiBswWlQ=="
    }
  }
}
